// !$*UTF8*$!
{
	archiveVersion = 1;
	classes = {
	};
	objectVersion = 46;
	objects = {

/* Begin PBXBuildFile section */
		2FFC0A3D1C293A18001CEDC7 /* main.m in Sources */ = {isa = PBXBuildFile; fileRef = 2FFC0A3C1C293A18001CEDC7 /* main.m */; };
		2FFC0A401C293A18001CEDC7 /* AppDelegate.m in Sources */ = {isa = PBXBuildFile; fileRef = 2FFC0A3F1C293A18001CEDC7 /* AppDelegate.m */; };
		2FFC0A431C293A19001CEDC7 /* ViewController.m in Sources */ = {isa = PBXBuildFile; fileRef = 2FFC0A421C293A19001CEDC7 /* ViewController.m */; };
		2FFC0A461C293A19001CEDC7 /* Main.storyboard in Resources */ = {isa = PBXBuildFile; fileRef = 2FFC0A441C293A19001CEDC7 /* Main.storyboard */; };
		2FFC0A481C293A19001CEDC7 /* Assets.xcassets in Resources */ = {isa = PBXBuildFile; fileRef = 2FFC0A471C293A19001CEDC7 /* Assets.xcassets */; };
		2FFC0A4B1C293A19001CEDC7 /* LaunchScreen.storyboard in Resources */ = {isa = PBXBuildFile; fileRef = 2FFC0A491C293A19001CEDC7 /* LaunchScreen.storyboard */; };
		2FFC0A561C293A19001CEDC7 /* line_animationTests.m in Sources */ = {isa = PBXBuildFile; fileRef = 2FFC0A551C293A19001CEDC7 /* line_animationTests.m */; };
		2FFC0A611C293A19001CEDC7 /* line_animationUITests.m in Sources */ = {isa = PBXBuildFile; fileRef = 2FFC0A601C293A19001CEDC7 /* line_animationUITests.m */; };
		2FFC0A701C294568001CEDC7 /* were.m in Sources */ = {isa = PBXBuildFile; fileRef = 2FFC0A6F1C294568001CEDC7 /* were.m */; };
/* End PBXBuildFile section */

/* Begin PBXContainerItemProxy section */
		2FFC0A521C293A19001CEDC7 /* PBXContainerItemProxy */ = {
			isa = PBXContainerItemProxy;
			containerPortal = 2FFC0A301C293A18001CEDC7 /* Project object */;
			proxyType = 1;
			remoteGlobalIDString = 2FFC0A371C293A18001CEDC7;
			remoteInfo = line_animation;
		};
		2FFC0A5D1C293A19001CEDC7 /* PBXContainerItemProxy */ = {
			isa = PBXContainerItemProxy;
			containerPortal = 2FFC0A301C293A18001CEDC7 /* Project object */;
			proxyType = 1;
			remoteGlobalIDString = 2FFC0A371C293A18001CEDC7;
			remoteInfo = line_animation;
		};
/* End PBXContainerItemProxy section */

/* Begin PBXFileReference section */
		2FFC0A381C293A18001CEDC7 /* line_animation.app */ = {isa = PBXFileReference; explicitFileType = wrapper.application; includeInIndex = 0; path = line_animation.app; sourceTree = BUILT_PRODUCTS_DIR; };
		2FFC0A3C1C293A18001CEDC7 /* main.m */ = {isa = PBXFileReference; lastKnownFileType = sourcecode.c.objc; path = main.m; sourceTree = "<group>"; };
		2FFC0A3E1C293A18001CEDC7 /* AppDelegate.h */ = {isa = PBXFileReference; lastKnownFileType = sourcecode.c.h; path = AppDelegate.h; sourceTree = "<group>"; };
		2FFC0A3F1C293A18001CEDC7 /* AppDelegate.m */ = {isa = PBXFileReference; lastKnownFileType = sourcecode.c.objc; path = AppDelegate.m; sourceTree = "<group>"; };
		2FFC0A411C293A19001CEDC7 /* ViewController.h */ = {isa = PBXFileReference; lastKnownFileType = sourcecode.c.h; path = ViewController.h; sourceTree = "<group>"; };
		2FFC0A421C293A19001CEDC7 /* ViewController.m */ = {isa = PBXFileReference; lastKnownFileType = sourcecode.c.objc; path = ViewController.m; sourceTree = "<group>"; };
		2FFC0A451C293A19001CEDC7 /* Base */ = {isa = PBXFileReference; lastKnownFileType = file.storyboard; name = Base; path = Base.lproj/Main.storyboard; sourceTree = "<group>"; };
		2FFC0A471C293A19001CEDC7 /* Assets.xcassets */ = {isa = PBXFileReference; lastKnownFileType = folder.assetcatalog; path = Assets.xcassets; sourceTree = "<group>"; };
		2FFC0A4A1C293A19001CEDC7 /* Base */ = {isa = PBXFileReference; lastKnownFileType = file.storyboard; name = Base; path = Base.lproj/LaunchScreen.storyboard; sourceTree = "<group>"; };
		2FFC0A4C1C293A19001CEDC7 /* Info.plist */ = {isa = PBXFileReference; lastKnownFileType = text.plist.xml; path = Info.plist; sourceTree = "<group>"; };
		2FFC0A511C293A19001CEDC7 /* line_animationTests.xctest */ = {isa = PBXFileReference; explicitFileType = wrapper.cfbundle; includeInIndex = 0; path = line_animationTests.xctest; sourceTree = BUILT_PRODUCTS_DIR; };
		2FFC0A551C293A19001CEDC7 /* line_animationTests.m */ = {isa = PBXFileReference; lastKnownFileType = sourcecode.c.objc; path = line_animationTests.m; sourceTree = "<group>"; };
		2FFC0A571C293A19001CEDC7 /* Info.plist */ = {isa = PBXFileReference; lastKnownFileType = text.plist.xml; path = Info.plist; sourceTree = "<group>"; };
		2FFC0A5C1C293A19001CEDC7 /* line_animationUITests.xctest */ = {isa = PBXFileReference; explicitFileType = wrapper.cfbundle; includeInIndex = 0; path = line_animationUITests.xctest; sourceTree = BUILT_PRODUCTS_DIR; };
		2FFC0A601C293A19001CEDC7 /* line_animationUITests.m */ = {isa = PBXFileReference; lastKnownFileType = sourcecode.c.objc; path = line_animationUITests.m; sourceTree = "<group>"; };
		2FFC0A621C293A19001CEDC7 /* Info.plist */ = {isa = PBXFileReference; lastKnownFileType = text.plist.xml; path = Info.plist; sourceTree = "<group>"; };
		2FFC0A6E1C294568001CEDC7 /* were.h */ = {isa = PBXFileReference; fileEncoding = 4; lastKnownFileType = sourcecode.c.h; path = were.h; sourceTree = "<group>"; };
		2FFC0A6F1C294568001CEDC7 /* were.m */ = {isa = PBXFileReference; fileEncoding = 4; lastKnownFileType = sourcecode.c.objc; path = were.m; sourceTree = "<group>"; };
/* End PBXFileReference section */

/* Begin PBXFrameworksBuildPhase section */
		2FFC0A351C293A18001CEDC7 /* Frameworks */ = {
			isa = PBXFrameworksBuildPhase;
			buildActionMask = 2147483647;
			files = (
			);
			runOnlyForDeploymentPostprocessing = 0;
		};
		2FFC0A4E1C293A19001CEDC7 /* Frameworks */ = {
			isa = PBXFrameworksBuildPhase;
			buildActionMask = 2147483647;
			files = (
			);
			runOnlyForDeploymentPostprocessing = 0;
		};
		2FFC0A591C293A19001CEDC7 /* Frameworks */ = {
			isa = PBXFrameworksBuildPhase;
			buildActionMask = 2147483647;
			files = (
			);
			runOnlyForDeploymentPostprocessing = 0;
		};
/* End PBXFrameworksBuildPhase section */

/* Begin PBXGroup section */
		2FFC0A2F1C293A18001CEDC7 = {
			isa = PBXGroup;
			children = (
				2FFC0A3A1C293A18001CEDC7 /* line_animation */,
				2FFC0A541C293A19001CEDC7 /* line_animationTests */,
				2FFC0A5F1C293A19001CEDC7 /* line_animationUITests */,
				2FFC0A391C293A18001CEDC7 /* Products */,
			);
			sourceTree = "<group>";
		};
		2FFC0A391C293A18001CEDC7 /* Products */ = {
			isa = PBXGroup;
			children = (
				2FFC0A381C293A18001CEDC7 /* line_animation.app */,
				2FFC0A511C293A19001CEDC7 /* line_animationTests.xctest */,
				2FFC0A5C1C293A19001CEDC7 /* line_animationUITests.xctest */,
			);
			name = Products;
			sourceTree = "<group>";
		};
		2FFC0A3A1C293A18001CEDC7 /* line_animation */ = {
			isa = PBXGroup;
			children = (
				2FFC0A3E1C293A18001CEDC7 /* AppDelegate.h */,
				2FFC0A3F1C293A18001CEDC7 /* AppDelegate.m */,
				2FFC0A411C293A19001CEDC7 /* ViewController.h */,
				2FFC0A421C293A19001CEDC7 /* ViewController.m */,
				2FFC0A6E1C294568001CEDC7 /* were.h */,
				2FFC0A6F1C294568001CEDC7 /* were.m */,
				2FFC0A441C293A19001CEDC7 /* Main.storyboard */,
				2FFC0A471C293A19001CEDC7 /* Assets.xcassets */,
				2FFC0A491C293A19001CEDC7 /* LaunchScreen.storyboard */,
				2FFC0A4C1C293A19001CEDC7 /* Info.plist */,
				2FFC0A3B1C293A18001CEDC7 /* Supporting Files */,
			);
			path = line_animation;
			sourceTree = "<group>";
		};
		2FFC0A3B1C293A18001CEDC7 /* Supporting Files */ = {
			isa = PBXGroup;
			children = (
				2FFC0A3C1C293A18001CEDC7 /* main.m */,
			);
			name = "Supporting Files";
			sourceTree = "<group>";
		};
		2FFC0A541C293A19001CEDC7 /* line_animationTests */ = {
			isa = PBXGroup;
			children = (
				2FFC0A551C293A19001CEDC7 /* line_animationTests.m */,
				2FFC0A571C293A19001CEDC7 /* Info.plist */,
			);
			path = line_animationTests;
			sourceTree = "<group>";
		};
		2FFC0A5F1C293A19001CEDC7 /* line_animationUITests */ = {
			isa = PBXGroup;
			children = (
				2FFC0A601C293A19001CEDC7 /* line_animationUITests.m */,
				2FFC0A621C293A19001CEDC7 /* Info.plist */,
			);
			path = line_animationUITests;
			sourceTree = "<group>";
		};
/* End PBXGroup section */

/* Begin PBXNativeTarget section */
		2FFC0A371C293A18001CEDC7 /* line_animation */ = {
			isa = PBXNativeTarget;
			buildConfigurationList = 2FFC0A651C293A19001CEDC7 /* Build configuration list for PBXNativeTarget "line_animation" */;
			buildPhases = (
				2FFC0A341C293A18001CEDC7 /* Sources */,
				2FFC0A351C293A18001CEDC7 /* Frameworks */,
				2FFC0A361C293A18001CEDC7 /* Resources */,
			);
			buildRules = (
			);
			dependencies = (
			);
			name = line_animation;
			productName = line_animation;
			productReference = 2FFC0A381C293A18001CEDC7 /* line_animation.app */;
			productType = "com.apple.product-type.application";
		};
		2FFC0A501C293A19001CEDC7 /* line_animationTests */ = {
			isa = PBXNativeTarget;
			buildConfigurationList = 2FFC0A681C293A19001CEDC7 /* Build configuration list for PBXNativeTarget "line_animationTests" */;
			buildPhases = (
				2FFC0A4D1C293A19001CEDC7 /* Sources */,
				2FFC0A4E1C293A19001CEDC7 /* Frameworks */,
				2FFC0A4F1C293A19001CEDC7 /* Resources */,
			);
			buildRules = (
			);
			dependencies = (
				2FFC0A531C293A19001CEDC7 /* PBXTargetDependency */,
			);
			name = line_animationTests;
			productName = line_animationTests;
			productReference = 2FFC0A511C293A19001CEDC7 /* line_animationTests.xctest */;
			productType = "com.apple.product-type.bundle.unit-test";
		};
		2FFC0A5B1C293A19001CEDC7 /* line_animationUITests */ = {
			isa = PBXNativeTarget;
			buildConfigurationList = 2FFC0A6B1C293A19001CEDC7 /* Build configuration list for PBXNativeTarget "line_animationUITests" */;
			buildPhases = (
				2FFC0A581C293A19001CEDC7 /* Sources */,
				2FFC0A591C293A19001CEDC7 /* Frameworks */,
				2FFC0A5A1C293A19001CEDC7 /* Resources */,
			);
			buildRules = (
			);
			dependencies = (
				2FFC0A5E1C293A19001CEDC7 /* PBXTargetDependency */,
			);
			name = line_animationUITests;
			productName = line_animationUITests;
			productReference = 2FFC0A5C1C293A19001CEDC7 /* line_animationUITests.xctest */;
			productType = "com.apple.product-type.bundle.ui-testing";
		};
/* End PBXNativeTarget section */

/* Begin PBXProject section */
		2FFC0A301C293A18001CEDC7 /* Project object */ = {
			isa = PBXProject;
			attributes = {
				LastUpgradeCheck = 0720;
				ORGANIZATIONNAME = Xmart;
				TargetAttributes = {
					2FFC0A371C293A18001CEDC7 = {
						CreatedOnToolsVersion = 7.2;
					};
					2FFC0A501C293A19001CEDC7 = {
						CreatedOnToolsVersion = 7.2;
						TestTargetID = 2FFC0A371C293A18001CEDC7;
					};
					2FFC0A5B1C293A19001CEDC7 = {
						CreatedOnToolsVersion = 7.2;
						TestTargetID = 2FFC0A371C293A18001CEDC7;
					};
				};
			};
			buildConfigurationList = 2FFC0A331C293A18001CEDC7 /* Build configuration list for PBXProject "line_animation" */;
			compatibilityVersion = "Xcode 3.2";
			developmentRegion = English;
			hasScannedForEncodings = 0;
			knownRegions = (
				en,
				Base,
			);
			mainGroup = 2FFC0A2F1C293A18001CEDC7;
			productRefGroup = 2FFC0A391C293A18001CEDC7 /* Products */;
			projectDirPath = "";
			projectRoot = "";
			targets = (
				2FFC0A371C293A18001CEDC7 /* line_animation */,
				2FFC0A501C293A19001CEDC7 /* line_animationTests */,
				2FFC0A5B1C293A19001CEDC7 /* line_animationUITests */,
			);
		};
/* End PBXProject section */

/* Begin PBXResourcesBuildPhase section */
		2FFC0A361C293A18001CEDC7 /* Resources */ = {
			isa = PBXResourcesBuildPhase;
			buildActionMask = 2147483647;
			files = (
				2FFC0A4B1C293A19001CEDC7 /* LaunchScreen.storyboard in Resources */,
				2FFC0A481C293A19001CEDC7 /* Assets.xcassets in Resources */,
				2FFC0A461C293A19001CEDC7 /* Main.storyboard in Resources */,
			);
			runOnlyForDeploymentPostprocessing = 0;
		};
		2FFC0A4F1C293A19001CEDC7 /* Resources */ = {
			isa = PBXResourcesBuildPhase;
			buildActionMask = 2147483647;
			files = (
			);
			runOnlyForDeploymentPostprocessing = 0;
		};
		2FFC0A5A1C293A19001CEDC7 /* Resources */ = {
			isa = PBXResourcesBuildPhase;
			buildActionMask = 2147483647;
			files = (
			);
			runOnlyForDeploymentPostprocessing = 0;
		};
/* End PBXResourcesBuildPhase section */

/* Begin PBXSourcesBuildPhase section */
		2FFC0A341C293A18001CEDC7 /* Sources */ = {
			isa = PBXSourcesBuildPhase;
			buildActionMask = 2147483647;
			files = (
				2FFC0A701C294568001CEDC7 /* were.m in Sources */,
				2FFC0A431C293A19001CEDC7 /* ViewController.m in Sources */,
				2FFC0A401C293A18001CEDC7 /* AppDelegate.m in Sources */,
				2FFC0A3D1C293A18001CEDC7 /* main.m in Sources */,
			);
			runOnlyForDeploymentPostprocessing = 0;
		};
		2FFC0A4D1C293A19001CEDC7 /* Sources */ = {
			isa = PBXSourcesBuildPhase;
			buildActionMask = 2147483647;
			files = (
				2FFC0A561C293A19001CEDC7 /* line_animationTests.m in Sources */,
			);
			runOnlyForDeploymentPostprocessing = 0;
		};
		2FFC0A581C293A19001CEDC7 /* Sources */ = {
			isa = PBXSourcesBuildPhase;
			buildActionMask = 2147483647;
			files = (
				2FFC0A611C293A19001CEDC7 /* line_animationUITests.m in Sources */,
			);
			runOnlyForDeploymentPostprocessing = 0;
		};
/* End PBXSourcesBuildPhase section */

/* Begin PBXTargetDependency section */
		2FFC0A531C293A19001CEDC7 /* PBXTargetDependency */ = {
			isa = PBXTargetDependency;
			target = 2FFC0A371C293A18001CEDC7 /* line_animation */;
			targetProxy = 2FFC0A521C293A19001CEDC7 /* PBXContainerItemProxy */;
		};
		2FFC0A5E1C293A19001CEDC7 /* PBXTargetDependency */ = {
			isa = PBXTargetDependency;
			target = 2FFC0A371C293A18001CEDC7 /* line_animation */;
			targetProxy = 2FFC0A5D1C293A19001CEDC7 /* PBXContainerItemProxy */;
		};
/* End PBXTargetDependency section */

/* Begin PBXVariantGroup section */
		2FFC0A441C293A19001CEDC7 /* Main.storyboard */ = {
			isa = PBXVariantGroup;
			children = (
				2FFC0A451C293A19001CEDC7 /* Base */,
			);
			name = Main.storyboard;
			sourceTree = "<group>";
		};
		2FFC0A491C293A19001CEDC7 /* LaunchScreen.storyboard */ = {
			isa = PBXVariantGroup;
			children = (
				2FFC0A4A1C293A19001CEDC7 /* Base */,
			);
			name = LaunchScreen.storyboard;
			sourceTree = "<group>";
		};
/* End PBXVariantGroup section */

/* Begin XCBuildConfiguration section */
		2FFC0A631C293A19001CEDC7 /* Debug */ = {
			isa = XCBuildConfiguration;
			buildSettings = {
				ALWAYS_SEARCH_USER_PATHS = NO;
				CLANG_CXX_LANGUAGE_STANDARD = "gnu++0x";
				CLANG_CXX_LIBRARY = "libc++";
				CLANG_ENABLE_MODULES = YES;
				CLANG_ENABLE_OBJC_ARC = YES;
				CLANG_WARN_BOOL_CONVERSION = YES;
				CLANG_WARN_CONSTANT_CONVERSION = YES;
				CLANG_WARN_DIRECT_OBJC_ISA_USAGE = YES_ERROR;
				CLANG_WARN_EMPTY_BODY = YES;
				CLANG_WARN_ENUM_CONVERSION = YES;
				CLANG_WARN_INT_CONVERSION = YES;
				CLANG_WARN_OBJC_ROOT_CLASS = YES_ERROR;
				CLANG_WARN_UNREACHABLE_CODE = YES;
				CLANG_WARN__DUPLICATE_METHOD_MATCH = YES;
				"CODE_SIGN_IDENTITY[sdk=iphoneos*]" = "iPhone Developer";
				COPY_PHASE_STRIP = NO;
				DEBUG_INFORMATION_FORMAT = dwarf;
				ENABLE_STRICT_OBJC_MSGSEND = YES;
				ENABLE_TESTABILITY = YES;
				GCC_C_LANGUAGE_STANDARD = gnu99;
				GCC_DYNAMIC_NO_PIC = NO;
				GCC_NO_COMMON_BLOCKS = YES;
				GCC_OPTIMIZATION_LEVEL = 0;
				GCC_PREPROCESSOR_DEFINITIONS = (
					"DEBUG=1",
					"$(inherited)",
				);
				GCC_WARN_64_TO_32_BIT_CONVERSION = YES;
				GCC_WARN_ABOUT_RETURN_TYPE = YES_ERROR;
				GCC_WARN_UNDECLARED_SELECTOR = YES;
				GCC_WARN_UNINITIALIZED_AUTOS = YES_AGGRESSIVE;
				GCC_WARN_UNUSED_FUNCTION = YES;
				GCC_WARN_UNUSED_VARIABLE = YES;
				IPHONEOS_DEPLOYMENT_TARGET = 9.2;
				MTL_ENABLE_DEBUG_INFO = YES;
				ONLY_ACTIVE_ARCH = YES;
				SDKROOT = iphoneos;
			};
			name = Debug;
		};
		2FFC0A641C293A19001CEDC7 /* Release */ = {
			isa = XCBuildConfiguration;
			buildSettings = {
				ALWAYS_SEARCH_USER_PATHS = NO;
				CLANG_CXX_LANGUAGE_STANDARD = "gnu++0x";
				CLANG_CXX_LIBRARY = "libc++";
				CLANG_ENABLE_MODULES = YES;
				CLANG_ENABLE_OBJC_ARC = YES;
				CLANG_WARN_BOOL_CONVERSION = YES;
				CLANG_WARN_CONSTANT_CONVERSION = YES;
				CLANG_WARN_DIRECT_OBJC_ISA_USAGE = YES_ERROR;
				CLANG_WARN_EMPTY_BODY = YES;
				CLANG_WARN_ENUM_CONVERSION = YES;
				CLANG_WARN_INT_CONVERSION = YES;
				CLANG_WARN_OBJC_ROOT_CLASS = YES_ERROR;
				CLANG_WARN_UNREACHABLE_CODE = YES;
				CLANG_WARN__DUPLICATE_METHOD_MATCH = YES;
				"CODE_SIGN_IDENTITY[sdk=iphoneos*]" = "iPhone Developer";
				COPY_PHASE_STRIP = NO;
				DEBUG_INFORMATION_FORMAT = "dwarf-with-dsym";
				ENABLE_NS_ASSERTIONS = NO;
				ENABLE_STRICT_OBJC_MSGSEND = YES;
				GCC_C_LANGUAGE_STANDARD = gnu99;
				GCC_NO_COMMON_BLOCKS = YES;
				GCC_WARN_64_TO_32_BIT_CONVERSION = YES;
				GCC_WARN_ABOUT_RETURN_TYPE = YES_ERROR;
				GCC_WARN_UNDECLARED_SELECTOR = YES;
				GCC_WARN_UNINITIALIZED_AUTOS = YES_AGGRESSIVE;
				GCC_WARN_UNUSED_FUNCTION = YES;
				GCC_WARN_UNUSED_VARIABLE = YES;
				IPHONEOS_DEPLOYMENT_TARGET = 9.2;
				MTL_ENABLE_DEBUG_INFO = NO;
				SDKROOT = iphoneos;
				VALIDATE_PRODUCT = YES;
			};
			name = Release;
		};
		2FFC0A661C293A19001CEDC7 /* Debug */ = {
			isa = XCBuildConfiguration;
			buildSettings = {
				ASSETCATALOG_COMPILER_APPICON_NAME = AppIcon;
				INFOPLIST_FILE = line_animation/Info.plist;
				LD_RUNPATH_SEARCH_PATHS = "$(inherited) @executable_path/Frameworks";
				PRODUCT_BUNDLE_IDENTIFIER = "xmart.line-animation";
				PRODUCT_NAME = "$(TARGET_NAME)";
			};
			name = Debug;
		};
		2FFC0A671C293A19001CEDC7 /* Release */ = {
			isa = XCBuildConfiguration;
			buildSettings = {
				ASSETCATALOG_COMPILER_APPICON_NAME = AppIcon;
				INFOPLIST_FILE = line_animation/Info.plist;
				LD_RUNPATH_SEARCH_PATHS = "$(inherited) @executable_path/Frameworks";
				PRODUCT_BUNDLE_IDENTIFIER = "xmart.line-animation";
				PRODUCT_NAME = "$(TARGET_NAME)";
			};
			name = Release;
		};
		2FFC0A691C293A19001CEDC7 /* Debug */ = {
			isa = XCBuildConfiguration;
			buildSettings = {
				BUNDLE_LOADER = "$(TEST_HOST)";
				INFOPLIST_FILE = line_animationTests/Info.plist;
				LD_RUNPATH_SEARCH_PATHS = "$(inherited) @executable_path/Frameworks @loader_path/Frameworks";
				PRODUCT_BUNDLE_IDENTIFIER = "xmart.line-animationTests";
				PRODUCT_NAME = "$(TARGET_NAME)";
				TEST_HOST = "$(BUILT_PRODUCTS_DIR)/line_animation.app/line_animation";
			};
			name = Debug;
		};
		2FFC0A6A1C293A19001CEDC7 /* Release */ = {
			isa = XCBuildConfiguration;
			buildSettings = {
				BUNDLE_LOADER = "$(TEST_HOST)";
				INFOPLIST_FILE = line_animationTests/Info.plist;
				LD_RUNPATH_SEARCH_PATHS = "$(inherited) @executable_path/Frameworks @loader_path/Frameworks";
				PRODUCT_BUNDLE_IDENTIFIER = "xmart.line-animationTests";
				PRODUCT_NAME = "$(TARGET_NAME)";
				TEST_HOST = "$(BUILT_PRODUCTS_DIR)/line_animation.app/line_animation";
			};
			name = Release;
		};
		2FFC0A6C1C293A19001CEDC7 /* Debug */ = {
			isa = XCBuildConfiguration;
			buildSettings = {
				INFOPLIST_FILE = line_animationUITests/Info.plist;
				LD_RUNPATH_SEARCH_PATHS = "$(inherited) @executable_path/Frameworks @loader_path/Frameworks";
				PRODUCT_BUNDLE_IDENTIFIER = "xmart.line-animationUITests";
				PRODUCT_NAME = "$(TARGET_NAME)";
				TEST_TARGET_NAME = line_animation;
				USES_XCTRUNNER = YES;
			};
			name = Debug;
		};
		2FFC0A6D1C293A19001CEDC7 /* Release */ = {
			isa = XCBuildConfiguration;
			buildSettings = {
				INFOPLIST_FILE = line_animationUITests/Info.plist;
				LD_RUNPATH_SEARCH_PATHS = "$(inherited) @executable_path/Frameworks @loader_path/Frameworks";
				PRODUCT_BUNDLE_IDENTIFIER = "xmart.line-animationUITests";
				PRODUCT_NAME = "$(TARGET_NAME)";
				TEST_TARGET_NAME = line_animation;
				USES_XCTRUNNER = YES;
			};
			name = Release;
		};
/* End XCBuildConfiguration section */

/* Begin XCConfigurationList section */
		2FFC0A331C293A18001CEDC7 /* Build configuration list for PBXProject "line_animation" */ = {
			isa = XCConfigurationList;
			buildConfigurations = (
				2FFC0A631C293A19001CEDC7 /* Debug */,
				2FFC0A641C293A19001CEDC7 /* Release */,
			);
			defaultConfigurationIsVisible = 0;
			defaultConfigurationName = Release;
		};
		2FFC0A651C293A19001CEDC7 /* Build configuration list for PBXNativeTarget "line_animation" */ = {
			isa = XCConfigurationList;
			buildConfigurations = (
				2FFC0A661C293A19001CEDC7 /* Debug */,
				2FFC0A671C293A19001CEDC7 /* Release */,
			);
			defaultConfigurationIsVisible = 0;
		};
		2FFC0A681C293A19001CEDC7 /* Build configuration list for PBXNativeTarget "line_animationTests" */ = {
			isa = XCConfigurationList;
			buildConfigurations = (
				2FFC0A691C293A19001CEDC7 /* Debug */,
				2FFC0A6A1C293A19001CEDC7 /* Release */,
			);
			defaultConfigurationIsVisible = 0;
		};
		2FFC0A6B1C293A19001CEDC7 /* Build configuration list for PBXNativeTarget "line_animationUITests" */ = {
			isa = XCConfigurationList;
			buildConfigurations = (
				2FFC0A6C1C293A19001CEDC7 /* Debug */,
				2FFC0A6D1C293A19001CEDC7 /* Release */,
			);
			defaultConfigurationIsVisible = 0;
		};
/* End XCConfigurationList section */
	};
	rootObject = 2FFC0A301C293A18001CEDC7 /* Project object */;
}
